
Microsoft Visual Studio Solution File, Format Version 12.00
# Visual Studio 15
VisualStudioVersion = 15.0.28010.2041
MinimumVisualStudioVersion = 10.0.40219.1
Project("{8BC9CEB8-8B4A-11D0-8D11-00A0C91BC942}") = "OpenGLParticleSystem", "OpenGLParticleSystem\OpenGLParticleSystem.vcxproj", "{52F07F8A-3E0F-4CC9-88B9-B1CB430D0B34}"
EndProject
Global
	GlobalSection(SolutionConfigurationPlatforms) = preSolution
		Debug|x64 = Debug|x64
		Debug|x86 = Debug|x86
		Release|x64 = Release|x64
		Release|x86 = Release|x86
	EndGlobalSection
	GlobalSection(ProjectConfigurationPlatforms) = postSolution
		{52F07F8A-3E0F-4CC9-88B9-B1CB430D0B34}.Debug|x64.ActiveCfg = Debug|x64
		{52F07F8A-3E0F-4CC9-88B9-B1CB430D0B34}.Debug|x64.Build.0 = Debug|x64
		{52F07F8A-3E0F-4CC9-88B9-B1CB430D0B34}.Debug|x86.ActiveCfg = Debug|Win32
		{52F07F8A-3E0F-4CC9-88B9-B1CB430D0B34}.Debug|x86.Build.0 = Debug|Win32
		{52F07F8A-3E0F-4CC9-88B9-B1CB430D0B34}.Release|x64.ActiveCfg = Release|x64
		{52F07F8A-3E0F-4CC9-88B9-B1CB430D0B34}.Release|x64.Build.0 = Release|x64
		{52F07F8A-3E0F-4CC9-88B9-B1CB430D0B34}.Release|x86.ActiveCfg = Release|Win32
		{52F07F8A-3E0F-4CC9-88B9-B1CB430D0B34}.Release|x86.Build.0 = Release|Win32
	EndGlobalSection
	GlobalSection(SolutionProperties) = preSolution
		HideSolutionNode = FALSE
	EndGlobalSection
	GlobalSection(ExtensibilityGlobals) = postSolution
		SolutionGuid = {D5A4AD1A-D8FD-4A66-801B-DDF1BAAAAF58}
	EndGlobalSection
EndGlobal
